uuid: f628ea5c-8b6e-4150-8bf1-f60fe03c9f23
langcode: en
status: true
dependencies:
  module:
    - block_content
    - paragraphs
_core:
  default_config_hash: XcS8yHMCCbOx2kQKbT1Hl4Oou3Qm6UMQI5WcSjbTxxE
id: paragraph.field_prgf_code_block
field_name: field_prgf_code_block
entity_type: paragraph
type: entity_reference
settings:
  target_type: block_content
module: core
locked: false
cardinality: 1
translatable: true
indexes: {  }
persist_with_no_fields: false
custom_storage: false
