uuid: f182fe95-17ba-4487-b610-cfeb8bb5606b
langcode: en
status: true
dependencies:
  config:
    - block_content.type.featured_highlights_block
_core:
  default_config_hash: gGwPsHMR52OGnflhI-TI3oQwL7PJM65t7BKsoA4fmgY
id: block_content.featured_highlights_block
target_entity_type_id: block_content
target_bundle: featured_highlights_block
default_langcode: site_default
language_alterable: true
